
Microsoft Visual Studio Solution File, Format Version 12.00
# Visual Studio 15
Project("{FAE04EC0-301F-11D3-BF4B-00C04F79EFBC}") = "Assembly-CSharp", "Assembly-CSharp.csproj", "{F435C491-2CA5-1E7E-4FD7-254C3D9A6E83}"
EndProject
Project("{FAE04EC0-301F-11D3-BF4B-00C04F79EFBC}") = "Assembly-CSharp-Editor", "Assembly-CSharp-Editor.csproj", "{B2E11E8B-1FF8-7054-803A-963527029A59}"
EndProject
Global
	GlobalSection(SolutionConfigurationPlatforms) = preSolution
		Debug|Any CPU = Debug|Any CPU
		Release|Any CPU = Release|Any CPU
	EndGlobalSection
	GlobalSection(ProjectConfigurationPlatforms) = postSolution
		{F435C491-2CA5-1E7E-4FD7-254C3D9A6E83}.Debug|Any CPU.ActiveCfg = Debug|Any CPU
		{F435C491-2CA5-1E7E-4FD7-254C3D9A6E83}.Debug|Any CPU.Build.0 = Debug|Any CPU
		{F435C491-2CA5-1E7E-4FD7-254C3D9A6E83}.Release|Any CPU.ActiveCfg = Release|Any CPU
		{F435C491-2CA5-1E7E-4FD7-254C3D9A6E83}.Release|Any CPU.Build.0 = Release|Any CPU
		{B2E11E8B-1FF8-7054-803A-963527029A59}.Debug|Any CPU.ActiveCfg = Debug|Any CPU
		{B2E11E8B-1FF8-7054-803A-963527029A59}.Debug|Any CPU.Build.0 = Debug|Any CPU
		{B2E11E8B-1FF8-7054-803A-963527029A59}.Release|Any CPU.ActiveCfg = Release|Any CPU
		{B2E11E8B-1FF8-7054-803A-963527029A59}.Release|Any CPU.Build.0 = Release|Any CPU
	EndGlobalSection
	GlobalSection(SolutionProperties) = preSolution
		HideSolutionNode = FALSE
	EndGlobalSection
EndGlobal
