
Microsoft Visual Studio Solution File, Format Version 12.00
# Visual Studio 2017
Project("{FAE04EC0-301F-11D3-BF4B-00C04F79EFBC}") = "DictationExample", "DictationExample.csproj", "{082C892B-1C4F-2CDE-F39D-D0067F2889A7}"
EndProject
Project("{FAE04EC0-301F-11D3-BF4B-00C04F79EFBC}") = "DictationExample.Editor", "DictationExample.Editor.csproj", "{D161CB81-9C05-D001-100C-2C6662356BC9}"
EndProject
Global
	GlobalSection(SolutionConfigurationPlatforms) = preSolution
		Debug|Any CPU = Debug|Any CPU
		Release|Any CPU = Release|Any CPU
	EndGlobalSection
	GlobalSection(ProjectConfigurationPlatforms) = postSolution
		{082C892B-1C4F-2CDE-F39D-D0067F2889A7}.Debug|Any CPU.ActiveCfg = Debug|Any CPU
		{082C892B-1C4F-2CDE-F39D-D0067F2889A7}.Debug|Any CPU.Build.0 = Debug|Any CPU
		{082C892B-1C4F-2CDE-F39D-D0067F2889A7}.Release|Any CPU.ActiveCfg = Release|Any CPU
		{082C892B-1C4F-2CDE-F39D-D0067F2889A7}.Release|Any CPU.Build.0 = Release|Any CPU
		{D161CB81-9C05-D001-100C-2C6662356BC9}.Debug|Any CPU.ActiveCfg = Debug|Any CPU
		{D161CB81-9C05-D001-100C-2C6662356BC9}.Debug|Any CPU.Build.0 = Debug|Any CPU
		{D161CB81-9C05-D001-100C-2C6662356BC9}.Release|Any CPU.ActiveCfg = Release|Any CPU
		{D161CB81-9C05-D001-100C-2C6662356BC9}.Release|Any CPU.Build.0 = Release|Any CPU
	EndGlobalSection
	GlobalSection(SolutionProperties) = preSolution
		HideSolutionNode = FALSE
	EndGlobalSection
EndGlobal
